
Microsoft Visual Studio Solution File, Format Version 12.00
# Visual Studio Version 16
VisualStudioVersion = 16.0.30717.126
MinimumVisualStudioVersion = 10.0.40219.1
Project("{8BC9CEB8-8B4A-11D0-8D11-00A0C91BC942}") = "CantSuccess", "CantSuccess\CantSuccess.vcxproj", "{BCCF5C08-3C53-4853-A738-A67DA9784D8E}"
EndProject
Global
	GlobalSection(SolutionConfigurationPlatforms) = preSolution
		Debug|x64 = Debug|x64
		Debug|x86 = Debug|x86
		Release|x64 = Release|x64
		Release|x86 = Release|x86
	EndGlobalSection
	GlobalSection(ProjectConfigurationPlatforms) = postSolution
		{BCCF5C08-3C53-4853-A738-A67DA9784D8E}.Debug|x64.ActiveCfg = Debug|x64
		{BCCF5C08-3C53-4853-A738-A67DA9784D8E}.Debug|x64.Build.0 = Debug|x64
		{BCCF5C08-3C53-4853-A738-A67DA9784D8E}.Debug|x86.ActiveCfg = Debug|Win32
		{BCCF5C08-3C53-4853-A738-A67DA9784D8E}.Debug|x86.Build.0 = Debug|Win32
		{BCCF5C08-3C53-4853-A738-A67DA9784D8E}.Release|x64.ActiveCfg = Release|x64
		{BCCF5C08-3C53-4853-A738-A67DA9784D8E}.Release|x64.Build.0 = Release|x64
		{BCCF5C08-3C53-4853-A738-A67DA9784D8E}.Release|x86.ActiveCfg = Release|Win32
		{BCCF5C08-3C53-4853-A738-A67DA9784D8E}.Release|x86.Build.0 = Release|Win32
	EndGlobalSection
	GlobalSection(SolutionProperties) = preSolution
		HideSolutionNode = FALSE
	EndGlobalSection
	GlobalSection(ExtensibilityGlobals) = postSolution
		SolutionGuid = {998B26E8-A965-47E6-85F7-FA143A2626F4}
	EndGlobalSection
EndGlobal
